
Microsoft Visual Studio Solution File, Format Version 12.00
# Visual Studio Version 17
VisualStudioVersion = 17.14.35821.62
MinimumVisualStudioVersion = 10.0.40219.1
Project("{2150E333-8FDC-42A3-9474-1A3956D46DE8}") = "src", "src", "{02EA681E-C7D8-13C7-8484-4AC65E1B71E8}"
EndProject
Project("{2150E333-8FDC-42A3-9474-1A3956D46DE8}") = "tests", "tests", "{6A58050C-3CBB-4EC5-BA8B-460938038AED}"
EndProject
Project("{FAE04EC0-301F-11D3-BF4B-00C04F79EFBC}") = "Web.API", "src\Web.API\Web.API.csproj", "{D0297543-756C-4873-A5AD-0CDF2BD38403}"
EndProject
Project("{2150E333-8FDC-42A3-9474-1A3956D46DE8}") = "Core", "Core", "{7FA0DD07-9904-4204-A5BA-E3AE669FA6FA}"
EndProject
Project("{2150E333-8FDC-42A3-9474-1A3956D46DE8}") = "Domain", "Domain", "{632623D8-7B94-4DE9-8C04-4BF82B705F41}"
EndProject
Project("{FAE04EC0-301F-11D3-BF4B-00C04F79EFBC}") = "Domain.Core", "src\Core\Domain\Domain.Core\Domain.Core.csproj", "{B543A3EC-4E22-49B8-A414-659FA1BD473D}"
EndProject
Project("{FAE04EC0-301F-11D3-BF4B-00C04F79EFBC}") = "Domain", "src\Core\Domain\Domain\Domain.csproj", "{99297CAD-E4C7-4E5F-B9A7-E66B39C182B5}"
EndProject
Project("{2150E333-8FDC-42A3-9474-1A3956D46DE8}") = "Application", "Application", "{724CC550-AC38-4817-96DE-B2025ADB0F3D}"
EndProject
Project("{FAE04EC0-301F-11D3-BF4B-00C04F79EFBC}") = "Application.Contracts", "src\Core\Application\Application.Contracts\Application.Contracts.csproj", "{F2DCCABE-417D-4F72-BB29-C83463E1374F}"
EndProject
Project("{FAE04EC0-301F-11D3-BF4B-00C04F79EFBC}") = "Application", "src\Core\Application\Application\Application.csproj", "{83012519-4304-4913-8A6F-0A4D46995D87}"
EndProject
Project("{2150E333-8FDC-42A3-9474-1A3956D46DE8}") = "External", "External", "{8D65A788-1EB8-4541-81DD-6F6DD7BA55CB}"
EndProject
Project("{FAE04EC0-301F-11D3-BF4B-00C04F79EFBC}") = "Persistance", "src\External\Persistance\Persistance.csproj", "{D95744C6-2376-2256-2157-792F898EC53E}"
EndProject
Project("{FAE04EC0-301F-11D3-BF4B-00C04F79EFBC}") = "Presentation", "src\External\Presentation\Presentation.csproj", "{AF5BC7E3-7F2E-4070-A677-7BC7BE7CFE8C}"
EndProject
Project("{FAE04EC0-301F-11D3-BF4B-00C04F79EFBC}") = "Architecture.Tests", "tests\Architecture.Tests\Architecture.Tests.csproj", "{4B5C39DD-5552-402C-9CB5-327E9F58D2EA}"
EndProject
Project("{2150E333-8FDC-42A3-9474-1A3956D46DE8}") = "Core", "Core", "{96054D7B-16D5-47EC-A164-DF3D8B338E25}"
EndProject
Project("{2150E333-8FDC-42A3-9474-1A3956D46DE8}") = "Domain", "Domain", "{7AC88A42-FCCD-4744-858B-B5F320B7C64E}"
EndProject
Project("{FAE04EC0-301F-11D3-BF4B-00C04F79EFBC}") = "Domain.Tests", "tests\Core\Domain\Domain.Tests\Domain.Tests.csproj", "{FFBAFD76-CCE4-4FEE-B82A-9C1D8E3A9138}"
EndProject
Project("{FAE04EC0-301F-11D3-BF4B-00C04F79EFBC}") = "Authentication", "src\External\Authentication\Authentication.csproj", "{0CB72D63-9AB3-4960-B786-E19D493FD18A}"
EndProject
Project("{FAE04EC0-301F-11D3-BF4B-00C04F79EFBC}") = "Services", "src\External\Services\Services.csproj", "{EFE39C9D-C09D-4512-97B2-09528EB3CF98}"
EndProject
Global
	GlobalSection(SolutionConfigurationPlatforms) = preSolution
		Debug|Any CPU = Debug|Any CPU
		Release|Any CPU = Release|Any CPU
	EndGlobalSection
	GlobalSection(ProjectConfigurationPlatforms) = postSolution
		{D0297543-756C-4873-A5AD-0CDF2BD38403}.Debug|Any CPU.ActiveCfg = Debug|Any CPU
		{D0297543-756C-4873-A5AD-0CDF2BD38403}.Debug|Any CPU.Build.0 = Debug|Any CPU
		{D0297543-756C-4873-A5AD-0CDF2BD38403}.Release|Any CPU.ActiveCfg = Release|Any CPU
		{D0297543-756C-4873-A5AD-0CDF2BD38403}.Release|Any CPU.Build.0 = Release|Any CPU
		{B543A3EC-4E22-49B8-A414-659FA1BD473D}.Debug|Any CPU.ActiveCfg = Debug|Any CPU
		{B543A3EC-4E22-49B8-A414-659FA1BD473D}.Debug|Any CPU.Build.0 = Debug|Any CPU
		{B543A3EC-4E22-49B8-A414-659FA1BD473D}.Release|Any CPU.ActiveCfg = Release|Any CPU
		{B543A3EC-4E22-49B8-A414-659FA1BD473D}.Release|Any CPU.Build.0 = Release|Any CPU
		{99297CAD-E4C7-4E5F-B9A7-E66B39C182B5}.Debug|Any CPU.ActiveCfg = Debug|Any CPU
		{99297CAD-E4C7-4E5F-B9A7-E66B39C182B5}.Debug|Any CPU.Build.0 = Debug|Any CPU
		{99297CAD-E4C7-4E5F-B9A7-E66B39C182B5}.Release|Any CPU.ActiveCfg = Release|Any CPU
		{99297CAD-E4C7-4E5F-B9A7-E66B39C182B5}.Release|Any CPU.Build.0 = Release|Any CPU
		{F2DCCABE-417D-4F72-BB29-C83463E1374F}.Debug|Any CPU.ActiveCfg = Debug|Any CPU
		{F2DCCABE-417D-4F72-BB29-C83463E1374F}.Debug|Any CPU.Build.0 = Debug|Any CPU
		{F2DCCABE-417D-4F72-BB29-C83463E1374F}.Release|Any CPU.ActiveCfg = Release|Any CPU
		{F2DCCABE-417D-4F72-BB29-C83463E1374F}.Release|Any CPU.Build.0 = Release|Any CPU
		{83012519-4304-4913-8A6F-0A4D46995D87}.Debug|Any CPU.ActiveCfg = Debug|Any CPU
		{83012519-4304-4913-8A6F-0A4D46995D87}.Debug|Any CPU.Build.0 = Debug|Any CPU
		{83012519-4304-4913-8A6F-0A4D46995D87}.Release|Any CPU.ActiveCfg = Release|Any CPU
		{83012519-4304-4913-8A6F-0A4D46995D87}.Release|Any CPU.Build.0 = Release|Any CPU
		{D95744C6-2376-2256-2157-792F898EC53E}.Debug|Any CPU.ActiveCfg = Debug|Any CPU
		{D95744C6-2376-2256-2157-792F898EC53E}.Debug|Any CPU.Build.0 = Debug|Any CPU
		{D95744C6-2376-2256-2157-792F898EC53E}.Release|Any CPU.ActiveCfg = Release|Any CPU
		{D95744C6-2376-2256-2157-792F898EC53E}.Release|Any CPU.Build.0 = Release|Any CPU
		{AF5BC7E3-7F2E-4070-A677-7BC7BE7CFE8C}.Debug|Any CPU.ActiveCfg = Debug|Any CPU
		{AF5BC7E3-7F2E-4070-A677-7BC7BE7CFE8C}.Debug|Any CPU.Build.0 = Debug|Any CPU
		{AF5BC7E3-7F2E-4070-A677-7BC7BE7CFE8C}.Release|Any CPU.ActiveCfg = Release|Any CPU
		{AF5BC7E3-7F2E-4070-A677-7BC7BE7CFE8C}.Release|Any CPU.Build.0 = Release|Any CPU
		{4B5C39DD-5552-402C-9CB5-327E9F58D2EA}.Debug|Any CPU.ActiveCfg = Debug|Any CPU
		{4B5C39DD-5552-402C-9CB5-327E9F58D2EA}.Debug|Any CPU.Build.0 = Debug|Any CPU
		{4B5C39DD-5552-402C-9CB5-327E9F58D2EA}.Release|Any CPU.ActiveCfg = Release|Any CPU
		{4B5C39DD-5552-402C-9CB5-327E9F58D2EA}.Release|Any CPU.Build.0 = Release|Any CPU
		{FFBAFD76-CCE4-4FEE-B82A-9C1D8E3A9138}.Debug|Any CPU.ActiveCfg = Debug|Any CPU
		{FFBAFD76-CCE4-4FEE-B82A-9C1D8E3A9138}.Debug|Any CPU.Build.0 = Debug|Any CPU
		{FFBAFD76-CCE4-4FEE-B82A-9C1D8E3A9138}.Release|Any CPU.ActiveCfg = Release|Any CPU
		{FFBAFD76-CCE4-4FEE-B82A-9C1D8E3A9138}.Release|Any CPU.Build.0 = Release|Any CPU
		{0CB72D63-9AB3-4960-B786-E19D493FD18A}.Debug|Any CPU.ActiveCfg = Debug|Any CPU
		{0CB72D63-9AB3-4960-B786-E19D493FD18A}.Debug|Any CPU.Build.0 = Debug|Any CPU
		{0CB72D63-9AB3-4960-B786-E19D493FD18A}.Release|Any CPU.ActiveCfg = Release|Any CPU
		{0CB72D63-9AB3-4960-B786-E19D493FD18A}.Release|Any CPU.Build.0 = Release|Any CPU
		{EFE39C9D-C09D-4512-97B2-09528EB3CF98}.Debug|Any CPU.ActiveCfg = Debug|Any CPU
		{EFE39C9D-C09D-4512-97B2-09528EB3CF98}.Debug|Any CPU.Build.0 = Debug|Any CPU
		{EFE39C9D-C09D-4512-97B2-09528EB3CF98}.Release|Any CPU.ActiveCfg = Release|Any CPU
		{EFE39C9D-C09D-4512-97B2-09528EB3CF98}.Release|Any CPU.Build.0 = Release|Any CPU
	EndGlobalSection
	GlobalSection(SolutionProperties) = preSolution
		HideSolutionNode = FALSE
	EndGlobalSection
	GlobalSection(NestedProjects) = preSolution
		{D0297543-756C-4873-A5AD-0CDF2BD38403} = {02EA681E-C7D8-13C7-8484-4AC65E1B71E8}
		{7FA0DD07-9904-4204-A5BA-E3AE669FA6FA} = {02EA681E-C7D8-13C7-8484-4AC65E1B71E8}
		{632623D8-7B94-4DE9-8C04-4BF82B705F41} = {7FA0DD07-9904-4204-A5BA-E3AE669FA6FA}
		{B543A3EC-4E22-49B8-A414-659FA1BD473D} = {632623D8-7B94-4DE9-8C04-4BF82B705F41}
		{99297CAD-E4C7-4E5F-B9A7-E66B39C182B5} = {632623D8-7B94-4DE9-8C04-4BF82B705F41}
		{724CC550-AC38-4817-96DE-B2025ADB0F3D} = {7FA0DD07-9904-4204-A5BA-E3AE669FA6FA}
		{F2DCCABE-417D-4F72-BB29-C83463E1374F} = {724CC550-AC38-4817-96DE-B2025ADB0F3D}
		{83012519-4304-4913-8A6F-0A4D46995D87} = {724CC550-AC38-4817-96DE-B2025ADB0F3D}
		{8D65A788-1EB8-4541-81DD-6F6DD7BA55CB} = {02EA681E-C7D8-13C7-8484-4AC65E1B71E8}
		{D95744C6-2376-2256-2157-792F898EC53E} = {8D65A788-1EB8-4541-81DD-6F6DD7BA55CB}
		{AF5BC7E3-7F2E-4070-A677-7BC7BE7CFE8C} = {8D65A788-1EB8-4541-81DD-6F6DD7BA55CB}
		{4B5C39DD-5552-402C-9CB5-327E9F58D2EA} = {6A58050C-3CBB-4EC5-BA8B-460938038AED}
		{96054D7B-16D5-47EC-A164-DF3D8B338E25} = {6A58050C-3CBB-4EC5-BA8B-460938038AED}
		{7AC88A42-FCCD-4744-858B-B5F320B7C64E} = {96054D7B-16D5-47EC-A164-DF3D8B338E25}
		{FFBAFD76-CCE4-4FEE-B82A-9C1D8E3A9138} = {7AC88A42-FCCD-4744-858B-B5F320B7C64E}
		{0CB72D63-9AB3-4960-B786-E19D493FD18A} = {8D65A788-1EB8-4541-81DD-6F6DD7BA55CB}
		{EFE39C9D-C09D-4512-97B2-09528EB3CF98} = {8D65A788-1EB8-4541-81DD-6F6DD7BA55CB}
	EndGlobalSection
	GlobalSection(ExtensibilityGlobals) = postSolution
		SolutionGuid = {181A0544-6EFD-4AD4-AFDF-06499588A3FB}
	EndGlobalSection
EndGlobal
